{
  "name": "example",
  "lockfileVersion": 2,
  "requires": true,
  "packages": {
    "": {
      "dependencies": {
        "portal": "file:../lib"
      }
    },
    "../lib": {
      "name": "portal",
      "dependencies": {
        "ws": "^8.12.0"
      },
      "devDependencies": {
        "@tsconfig/recommended": "^1.0.2",
        "typescript": "^4.9.4"
      }
    },
    "../lib/node_modules/@tsconfig/recommended": {
      "version": "1.0.2",
      "dev": true,
      "license": "MIT"
    },
    "../lib/node_modules/bufferutil": {
      "version": "4.0.7",
      "hasInstallScript": true,
      "license": "MIT",
      "optional": true,
      "peer": true,
      "dependencies": {
        "node-gyp-build": "^4.3.0"
      },
      "engines": {
        "node": ">=6.14.2"
      }
    },
    "../lib/node_modules/node-gyp-build": {
      "version": "4.6.0",
      "license": "MIT",
      "optional": true,
      "peer": true,
      "bin": {
        "node-gyp-build": "bin.js",
        "node-gyp-build-optional": "optional.js",
        "node-gyp-build-test": "build-test.js"
      }
    },
    "../lib/node_modules/typescript": {
      "version": "4.9.4",
      "dev": true,
      "license": "Apache-2.0",
      "bin": {
        "tsc": "bin/tsc",
        "tsserver": "bin/tsserver"
      },
      "engines": {
        "node": ">=4.2.0"
      }
    },
    "../lib/node_modules/utf-8-validate": {
      "version": "5.0.10",
      "hasInstallScript": true,
      "license": "MIT",
      "optional": true,
      "peer": true,
      "dependencies": {
        "node-gyp-build": "^4.3.0"
      },
      "engines": {
        "node": ">=6.14.2"
      }
    },
    "../lib/node_modules/ws": {
      "version": "8.12.0",
      "license": "MIT",
      "engines": {
        "node": ">=10.0.0"
      },
      "peerDependencies": {
        "bufferutil": "^4.0.1",
        "utf-8-validate": ">=5.0.2"
      },
      "peerDependenciesMeta": {
        "bufferutil": {
          "optional": true
        },
        "utf-8-validate": {
          "optional": true
        }
      }
    },
    "node_modules/portal": {
      "resolved": "../lib",
      "link": true
    }
  },
  "dependencies": {
    "portal": {
      "version": "file:../lib",
      "requires": {
        "@tsconfig/recommended": "^1.0.2",
        "typescript": "^4.9.4",
        "ws": "^8.12.0"
      },
      "dependencies": {
        "@tsconfig/recommended": {
          "version": "1.0.2",
          "dev": true
        },
        "bufferutil": {
          "version": "4.0.7",
          "optional": true,
          "peer": true,
          "requires": {
            "node-gyp-build": "^4.3.0"
          }
        },
        "node-gyp-build": {
          "version": "4.6.0",
          "optional": true,
          "peer": true
        },
        "typescript": {
          "version": "4.9.4",
          "dev": true
        },
        "utf-8-validate": {
          "version": "5.0.10",
          "optional": true,
          "peer": true,
          "requires": {
            "node-gyp-build": "^4.3.0"
          }
        },
        "ws": {
          "version": "8.12.0",
          "requires": {}
        }
      }
    }
  }
}
